// !$*UTF8*$!
{
	archiveVersion = 1;
	classes = {
	};
	objectVersion = 46;
	objects = {

/* Begin PBXBuildFile section */
		9B1E86971F0DEA300084DC45 /* DuplexGroup.cpp in Sources */ = {isa = PBXBuildFile; fileRef = 9B1E86951F0DEA300084DC45 /* DuplexGroup.cpp */; };
		9B54CE661F0C8B7D007F28EB /* TimeFunc.cpp in Sources */ = {isa = PBXBuildFile; fileRef = 9B54CE641F0C8B7D007F28EB /* TimeFunc.cpp */; };
		9B54CE691F0CADBA007F28EB /* Files.cpp in Sources */ = {isa = PBXBuildFile; fileRef = 9B54CE671F0CADBA007F28EB /* Files.cpp */; };
		9B54CE6C1F0CFCFB007F28EB /* environment.cpp in Sources */ = {isa = PBXBuildFile; fileRef = 9B54CE6A1F0CFCFB007F28EB /* environment.cpp */; };
		9B6977051F0A6C3200BBE82F /* main.cpp in Sources */ = {isa = PBXBuildFile; fileRef = 9B6977041F0A6C3200BBE82F /* main.cpp */; };
/* End PBXBuildFile section */

/* Begin PBXCopyFilesBuildPhase section */
		9B6976FF1F0A6C3200BBE82F /* CopyFiles */ = {
			isa = PBXCopyFilesBuildPhase;
			buildActionMask = 2147483647;
			dstPath = /usr/share/man/man1/;
			dstSubfolderSpec = 0;
			files = (
			);
			runOnlyForDeploymentPostprocessing = 1;
		};
/* End PBXCopyFilesBuildPhase section */

/* Begin PBXFileReference section */
		9B1E86951F0DEA300084DC45 /* DuplexGroup.cpp */ = {isa = PBXFileReference; fileEncoding = 4; lastKnownFileType = sourcecode.cpp.cpp; path = DuplexGroup.cpp; sourceTree = "<group>"; };
		9B1E86961F0DEA300084DC45 /* DuplexGroup.hpp */ = {isa = PBXFileReference; fileEncoding = 4; lastKnownFileType = sourcecode.cpp.h; path = DuplexGroup.hpp; sourceTree = "<group>"; };
		9B54CE641F0C8B7D007F28EB /* TimeFunc.cpp */ = {isa = PBXFileReference; fileEncoding = 4; lastKnownFileType = sourcecode.cpp.cpp; path = TimeFunc.cpp; sourceTree = "<group>"; };
		9B54CE651F0C8B7D007F28EB /* TimeFunc.hpp */ = {isa = PBXFileReference; fileEncoding = 4; lastKnownFileType = sourcecode.cpp.h; path = TimeFunc.hpp; sourceTree = "<group>"; };
		9B54CE671F0CADBA007F28EB /* Files.cpp */ = {isa = PBXFileReference; fileEncoding = 4; lastKnownFileType = sourcecode.cpp.cpp; path = Files.cpp; sourceTree = "<group>"; };
		9B54CE681F0CADBA007F28EB /* Files.hpp */ = {isa = PBXFileReference; fileEncoding = 4; lastKnownFileType = sourcecode.cpp.h; path = Files.hpp; sourceTree = "<group>"; };
		9B54CE6A1F0CFCFB007F28EB /* environment.cpp */ = {isa = PBXFileReference; fileEncoding = 4; lastKnownFileType = sourcecode.cpp.cpp; path = environment.cpp; sourceTree = "<group>"; };
		9B54CE6B1F0CFCFB007F28EB /* environment.hpp */ = {isa = PBXFileReference; fileEncoding = 4; lastKnownFileType = sourcecode.cpp.h; path = environment.hpp; sourceTree = "<group>"; };
		9B6977011F0A6C3200BBE82F /* GenDuplexGroup */ = {isa = PBXFileReference; explicitFileType = "compiled.mach-o.executable"; includeInIndex = 0; path = GenDuplexGroup; sourceTree = BUILT_PRODUCTS_DIR; };
		9B6977041F0A6C3200BBE82F /* main.cpp */ = {isa = PBXFileReference; lastKnownFileType = sourcecode.cpp.cpp; path = main.cpp; sourceTree = "<group>"; };
/* End PBXFileReference section */

/* Begin PBXFrameworksBuildPhase section */
		9B6976FE1F0A6C3200BBE82F /* Frameworks */ = {
			isa = PBXFrameworksBuildPhase;
			buildActionMask = 2147483647;
			files = (
			);
			runOnlyForDeploymentPostprocessing = 0;
		};
/* End PBXFrameworksBuildPhase section */

/* Begin PBXGroup section */
		9B6976F81F0A6C3200BBE82F = {
			isa = PBXGroup;
			children = (
				9B6977031F0A6C3200BBE82F /* GenDuplexGroup */,
				9B6977021F0A6C3200BBE82F /* Products */,
			);
			sourceTree = "<group>";
		};
		9B6977021F0A6C3200BBE82F /* Products */ = {
			isa = PBXGroup;
			children = (
				9B6977011F0A6C3200BBE82F /* GenDuplexGroup */,
			);
			name = Products;
			sourceTree = "<group>";
		};
		9B6977031F0A6C3200BBE82F /* GenDuplexGroup */ = {
			isa = PBXGroup;
			children = (
				9B6977041F0A6C3200BBE82F /* main.cpp */,
				9B54CE641F0C8B7D007F28EB /* TimeFunc.cpp */,
				9B54CE651F0C8B7D007F28EB /* TimeFunc.hpp */,
				9B54CE671F0CADBA007F28EB /* Files.cpp */,
				9B54CE681F0CADBA007F28EB /* Files.hpp */,
				9B54CE6A1F0CFCFB007F28EB /* environment.cpp */,
				9B54CE6B1F0CFCFB007F28EB /* environment.hpp */,
				9B1E86951F0DEA300084DC45 /* DuplexGroup.cpp */,
				9B1E86961F0DEA300084DC45 /* DuplexGroup.hpp */,
			);
			path = GenDuplexGroup;
			sourceTree = "<group>";
		};
/* End PBXGroup section */

/* Begin PBXNativeTarget section */
		9B6977001F0A6C3200BBE82F /* GenDuplexGroup */ = {
			isa = PBXNativeTarget;
			buildConfigurationList = 9B6977081F0A6C3200BBE82F /* Build configuration list for PBXNativeTarget "GenDuplexGroup" */;
			buildPhases = (
				9B6976FD1F0A6C3200BBE82F /* Sources */,
				9B6976FE1F0A6C3200BBE82F /* Frameworks */,
				9B6976FF1F0A6C3200BBE82F /* CopyFiles */,
			);
			buildRules = (
			);
			dependencies = (
			);
			name = GenDuplexGroup;
			productName = GenDuplexGroup;
			productReference = 9B6977011F0A6C3200BBE82F /* GenDuplexGroup */;
			productType = "com.apple.product-type.tool";
		};
/* End PBXNativeTarget section */

/* Begin PBXProject section */
		9B6976F91F0A6C3200BBE82F /* Project object */ = {
			isa = PBXProject;
			attributes = {
				LastUpgradeCheck = 0830;
				ORGANIZATIONNAME = Lee;
				TargetAttributes = {
					9B6977001F0A6C3200BBE82F = {
						CreatedOnToolsVersion = 8.3.3;
						ProvisioningStyle = Automatic;
					};
				};
			};
			buildConfigurationList = 9B6976FC1F0A6C3200BBE82F /* Build configuration list for PBXProject "GenDuplexGroup" */;
			compatibilityVersion = "Xcode 3.2";
			developmentRegion = English;
			hasScannedForEncodings = 0;
			knownRegions = (
				en,
			);
			mainGroup = 9B6976F81F0A6C3200BBE82F;
			productRefGroup = 9B6977021F0A6C3200BBE82F /* Products */;
			projectDirPath = "";
			projectRoot = "";
			targets = (
				9B6977001F0A6C3200BBE82F /* GenDuplexGroup */,
			);
		};
/* End PBXProject section */

/* Begin PBXSourcesBuildPhase section */
		9B6976FD1F0A6C3200BBE82F /* Sources */ = {
			isa = PBXSourcesBuildPhase;
			buildActionMask = 2147483647;
			files = (
				9B54CE661F0C8B7D007F28EB /* TimeFunc.cpp in Sources */,
				9B54CE6C1F0CFCFB007F28EB /* environment.cpp in Sources */,
				9B54CE691F0CADBA007F28EB /* Files.cpp in Sources */,
				9B1E86971F0DEA300084DC45 /* DuplexGroup.cpp in Sources */,
				9B6977051F0A6C3200BBE82F /* main.cpp in Sources */,
			);
			runOnlyForDeploymentPostprocessing = 0;
		};
/* End PBXSourcesBuildPhase section */

/* Begin XCBuildConfiguration section */
		9B6977061F0A6C3200BBE82F /* Debug */ = {
			isa = XCBuildConfiguration;
			buildSettings = {
				ALWAYS_SEARCH_USER_PATHS = NO;
				CLANG_ANALYZER_NONNULL = YES;
				CLANG_ANALYZER_NUMBER_OBJECT_CONVERSION = YES_AGGRESSIVE;
				CLANG_CXX_LANGUAGE_STANDARD = "gnu++0x";
				CLANG_CXX_LIBRARY = "libc++";
				CLANG_ENABLE_MODULES = YES;
				CLANG_ENABLE_OBJC_ARC = YES;
				CLANG_WARN_BOOL_CONVERSION = YES;
				CLANG_WARN_CONSTANT_CONVERSION = YES;
				CLANG_WARN_DIRECT_OBJC_ISA_USAGE = YES_ERROR;
				CLANG_WARN_DOCUMENTATION_COMMENTS = YES;
				CLANG_WARN_EMPTY_BODY = YES;
				CLANG_WARN_ENUM_CONVERSION = YES;
				CLANG_WARN_INFINITE_RECURSION = YES;
				CLANG_WARN_INT_CONVERSION = YES;
				CLANG_WARN_OBJC_ROOT_CLASS = YES_ERROR;
				CLANG_WARN_SUSPICIOUS_MOVE = YES;
				CLANG_WARN_UNREACHABLE_CODE = YES;
				CLANG_WARN__DUPLICATE_METHOD_MATCH = YES;
				CODE_SIGN_IDENTITY = "-";
				COPY_PHASE_STRIP = NO;
				DEBUG_INFORMATION_FORMAT = dwarf;
				ENABLE_STRICT_OBJC_MSGSEND = YES;
				ENABLE_TESTABILITY = YES;
				GCC_C_LANGUAGE_STANDARD = gnu99;
				GCC_DYNAMIC_NO_PIC = NO;
				GCC_NO_COMMON_BLOCKS = YES;
				GCC_OPTIMIZATION_LEVEL = 0;
				GCC_PREPROCESSOR_DEFINITIONS = (
					"DEBUG=1",
					"$(inherited)",
				);
				GCC_WARN_64_TO_32_BIT_CONVERSION = YES;
				GCC_WARN_ABOUT_RETURN_TYPE = YES_ERROR;
				GCC_WARN_UNDECLARED_SELECTOR = YES;
				GCC_WARN_UNINITIALIZED_AUTOS = YES_AGGRESSIVE;
				GCC_WARN_UNUSED_FUNCTION = YES;
				GCC_WARN_UNUSED_VARIABLE = YES;
				MACOSX_DEPLOYMENT_TARGET = 10.12;
				MTL_ENABLE_DEBUG_INFO = YES;
				ONLY_ACTIVE_ARCH = YES;
				SDKROOT = macosx;
			};
			name = Debug;
		};
		9B6977071F0A6C3200BBE82F /* Release */ = {
			isa = XCBuildConfiguration;
			buildSettings = {
				ALWAYS_SEARCH_USER_PATHS = NO;
				CLANG_ANALYZER_NONNULL = YES;
				CLANG_ANALYZER_NUMBER_OBJECT_CONVERSION = YES_AGGRESSIVE;
				CLANG_CXX_LANGUAGE_STANDARD = "gnu++0x";
				CLANG_CXX_LIBRARY = "libc++";
				CLANG_ENABLE_MODULES = YES;
				CLANG_ENABLE_OBJC_ARC = YES;
				CLANG_WARN_BOOL_CONVERSION = YES;
				CLANG_WARN_CONSTANT_CONVERSION = YES;
				CLANG_WARN_DIRECT_OBJC_ISA_USAGE = YES_ERROR;
				CLANG_WARN_DOCUMENTATION_COMMENTS = YES;
				CLANG_WARN_EMPTY_BODY = YES;
				CLANG_WARN_ENUM_CONVERSION = YES;
				CLANG_WARN_INFINITE_RECURSION = YES;
				CLANG_WARN_INT_CONVERSION = YES;
				CLANG_WARN_OBJC_ROOT_CLASS = YES_ERROR;
				CLANG_WARN_SUSPICIOUS_MOVE = YES;
				CLANG_WARN_UNREACHABLE_CODE = YES;
				CLANG_WARN__DUPLICATE_METHOD_MATCH = YES;
				CODE_SIGN_IDENTITY = "-";
				COPY_PHASE_STRIP = NO;
				DEBUG_INFORMATION_FORMAT = "dwarf-with-dsym";
				ENABLE_NS_ASSERTIONS = NO;
				ENABLE_STRICT_OBJC_MSGSEND = YES;
				GCC_C_LANGUAGE_STANDARD = gnu99;
				GCC_NO_COMMON_BLOCKS = YES;
				GCC_WARN_64_TO_32_BIT_CONVERSION = YES;
				GCC_WARN_ABOUT_RETURN_TYPE = YES_ERROR;
				GCC_WARN_UNDECLARED_SELECTOR = YES;
				GCC_WARN_UNINITIALIZED_AUTOS = YES_AGGRESSIVE;
				GCC_WARN_UNUSED_FUNCTION = YES;
				GCC_WARN_UNUSED_VARIABLE = YES;
				MACOSX_DEPLOYMENT_TARGET = 10.12;
				MTL_ENABLE_DEBUG_INFO = NO;
				SDKROOT = macosx;
			};
			name = Release;
		};
		9B6977091F0A6C3200BBE82F /* Debug */ = {
			isa = XCBuildConfiguration;
			buildSettings = {
				PRODUCT_NAME = "$(TARGET_NAME)";
			};
			name = Debug;
		};
		9B69770A1F0A6C3200BBE82F /* Release */ = {
			isa = XCBuildConfiguration;
			buildSettings = {
				PRODUCT_NAME = "$(TARGET_NAME)";
			};
			name = Release;
		};
/* End XCBuildConfiguration section */

/* Begin XCConfigurationList section */
		9B6976FC1F0A6C3200BBE82F /* Build configuration list for PBXProject "GenDuplexGroup" */ = {
			isa = XCConfigurationList;
			buildConfigurations = (
				9B6977061F0A6C3200BBE82F /* Debug */,
				9B6977071F0A6C3200BBE82F /* Release */,
			);
			defaultConfigurationIsVisible = 0;
			defaultConfigurationName = Release;
		};
		9B6977081F0A6C3200BBE82F /* Build configuration list for PBXNativeTarget "GenDuplexGroup" */ = {
			isa = XCConfigurationList;
			buildConfigurations = (
				9B6977091F0A6C3200BBE82F /* Debug */,
				9B69770A1F0A6C3200BBE82F /* Release */,
			);
			defaultConfigurationIsVisible = 0;
			defaultConfigurationName = Release;
		};
/* End XCConfigurationList section */
	};
	rootObject = 9B6976F91F0A6C3200BBE82F /* Project object */;
}
